
Microsoft Visual Studio Solution File, Format Version 12.00
# Visual Studio Version 17
VisualStudioVersion = 17.9.34701.34
MinimumVisualStudioVersion = 10.0.40219.1
Project("{FAE04EC0-301F-11D3-BF4B-00C04F79EFBC}") = "eTickets", "eTickets.csproj", "{46551557-49D0-49D0-809C-5EC40466E442}"
EndProject
Global
	GlobalSection(SolutionConfigurationPlatforms) = preSolution
		Debug|Any CPU = Debug|Any CPU
		Release|Any CPU = Release|Any CPU
	EndGlobalSection
	GlobalSection(ProjectConfigurationPlatforms) = postSolution
		{46551557-49D0-49D0-809C-5EC40466E442}.Debug|Any CPU.ActiveCfg = Debug|Any CPU
		{46551557-49D0-49D0-809C-5EC40466E442}.Debug|Any CPU.Build.0 = Debug|Any CPU
		{46551557-49D0-49D0-809C-5EC40466E442}.Release|Any CPU.ActiveCfg = Release|Any CPU
		{46551557-49D0-49D0-809C-5EC40466E442}.Release|Any CPU.Build.0 = Release|Any CPU
	EndGlobalSection
	GlobalSection(SolutionProperties) = preSolution
		HideSolutionNode = FALSE
	EndGlobalSection
	GlobalSection(ExtensibilityGlobals) = postSolution
		SolutionGuid = {A8E00380-44F1-462A-935E-13F64D6DD6CD}
	EndGlobalSection
EndGlobal
